
Microsoft Visual Studio Solution File, Format Version 12.00
# Visual Studio Version 17
VisualStudioVersion = 17.7.34221.43
MinimumVisualStudioVersion = 10.0.40219.1
Project("{9A19103F-16F7-4668-BE54-9A1E7A4F7556}") = "WebApiDbConnector", "WebApiDbConnector\WebApiDbConnector.csproj", "{1E39448A-1156-4E0D-8ED3-F90008C28A47}"
EndProject
Global
	GlobalSection(SolutionConfigurationPlatforms) = preSolution
		Debug|Any CPU = Debug|Any CPU
		Prod|Any CPU = Prod|Any CPU
		Release|Any CPU = Release|Any CPU
	EndGlobalSection
	GlobalSection(ProjectConfigurationPlatforms) = postSolution
		{1E39448A-1156-4E0D-8ED3-F90008C28A47}.Debug|Any CPU.ActiveCfg = Debug|Any CPU
		{1E39448A-1156-4E0D-8ED3-F90008C28A47}.Debug|Any CPU.Build.0 = Debug|Any CPU
		{1E39448A-1156-4E0D-8ED3-F90008C28A47}.Prod|Any CPU.ActiveCfg = Prod|Any CPU
		{1E39448A-1156-4E0D-8ED3-F90008C28A47}.Prod|Any CPU.Build.0 = Prod|Any CPU
		{1E39448A-1156-4E0D-8ED3-F90008C28A47}.Release|Any CPU.ActiveCfg = Release|Any CPU
		{1E39448A-1156-4E0D-8ED3-F90008C28A47}.Release|Any CPU.Build.0 = Release|Any CPU
	EndGlobalSection
	GlobalSection(SolutionProperties) = preSolution
		HideSolutionNode = FALSE
	EndGlobalSection
	GlobalSection(ExtensibilityGlobals) = postSolution
		SolutionGuid = {DE3152BC-14D2-4B2B-8CAF-44C3FEE2DE9F}
	EndGlobalSection
EndGlobal
